
Microsoft Visual Studio Solution File, Format Version 12.00
# Visual Studio Version 16
VisualStudioVersion = 16.6.30114.105
MinimumVisualStudioVersion = 10.0.40219.1
Project("{9A19103F-16F7-4668-BE54-9A1E7A4F7556}") = "selo-postal-service.Application", "selo-postal-service.Application\selo-postal-service.Application.csproj", "{59762829-9C7D-4965-9B59-B8D8D0C91629}"
EndProject
Project("{FAE04EC0-301F-11D3-BF4B-00C04F79EFBC}") = "selo-postal-service.Core", "selo-postal-service.Core\selo-postal-service.Core.csproj", "{F03F37F3-CB1B-40AD-BED8-1F54D43A017A}"
EndProject
Project("{FAE04EC0-301F-11D3-BF4B-00C04F79EFBC}") = "selo-postal-service.Dados", "selo-postal-service.Dados\selo-postal-service.Dados.csproj", "{CF130BB5-DCF7-46B6-BA2B-81D067DF1CC2}"
EndProject
Global
	GlobalSection(SolutionConfigurationPlatforms) = preSolution
		Debug|Any CPU = Debug|Any CPU
		Debug|x64 = Debug|x64
		Debug|x86 = Debug|x86
		Release|Any CPU = Release|Any CPU
		Release|x64 = Release|x64
		Release|x86 = Release|x86
	EndGlobalSection
	GlobalSection(ProjectConfigurationPlatforms) = postSolution
		{59762829-9C7D-4965-9B59-B8D8D0C91629}.Debug|Any CPU.ActiveCfg = Debug|Any CPU
		{59762829-9C7D-4965-9B59-B8D8D0C91629}.Debug|Any CPU.Build.0 = Debug|Any CPU
		{59762829-9C7D-4965-9B59-B8D8D0C91629}.Debug|x64.ActiveCfg = Debug|Any CPU
		{59762829-9C7D-4965-9B59-B8D8D0C91629}.Debug|x64.Build.0 = Debug|Any CPU
		{59762829-9C7D-4965-9B59-B8D8D0C91629}.Debug|x86.ActiveCfg = Debug|Any CPU
		{59762829-9C7D-4965-9B59-B8D8D0C91629}.Debug|x86.Build.0 = Debug|Any CPU
		{59762829-9C7D-4965-9B59-B8D8D0C91629}.Release|Any CPU.ActiveCfg = Release|Any CPU
		{59762829-9C7D-4965-9B59-B8D8D0C91629}.Release|Any CPU.Build.0 = Release|Any CPU
		{59762829-9C7D-4965-9B59-B8D8D0C91629}.Release|x64.ActiveCfg = Release|Any CPU
		{59762829-9C7D-4965-9B59-B8D8D0C91629}.Release|x64.Build.0 = Release|Any CPU
		{59762829-9C7D-4965-9B59-B8D8D0C91629}.Release|x86.ActiveCfg = Release|Any CPU
		{59762829-9C7D-4965-9B59-B8D8D0C91629}.Release|x86.Build.0 = Release|Any CPU
		{F03F37F3-CB1B-40AD-BED8-1F54D43A017A}.Debug|Any CPU.ActiveCfg = Debug|Any CPU
		{F03F37F3-CB1B-40AD-BED8-1F54D43A017A}.Debug|Any CPU.Build.0 = Debug|Any CPU
		{F03F37F3-CB1B-40AD-BED8-1F54D43A017A}.Debug|x64.ActiveCfg = Debug|Any CPU
		{F03F37F3-CB1B-40AD-BED8-1F54D43A017A}.Debug|x64.Build.0 = Debug|Any CPU
		{F03F37F3-CB1B-40AD-BED8-1F54D43A017A}.Debug|x86.ActiveCfg = Debug|Any CPU
		{F03F37F3-CB1B-40AD-BED8-1F54D43A017A}.Debug|x86.Build.0 = Debug|Any CPU
		{F03F37F3-CB1B-40AD-BED8-1F54D43A017A}.Release|Any CPU.ActiveCfg = Release|Any CPU
		{F03F37F3-CB1B-40AD-BED8-1F54D43A017A}.Release|Any CPU.Build.0 = Release|Any CPU
		{F03F37F3-CB1B-40AD-BED8-1F54D43A017A}.Release|x64.ActiveCfg = Release|Any CPU
		{F03F37F3-CB1B-40AD-BED8-1F54D43A017A}.Release|x64.Build.0 = Release|Any CPU
		{F03F37F3-CB1B-40AD-BED8-1F54D43A017A}.Release|x86.ActiveCfg = Release|Any CPU
		{F03F37F3-CB1B-40AD-BED8-1F54D43A017A}.Release|x86.Build.0 = Release|Any CPU
		{CF130BB5-DCF7-46B6-BA2B-81D067DF1CC2}.Debug|Any CPU.ActiveCfg = Debug|Any CPU
		{CF130BB5-DCF7-46B6-BA2B-81D067DF1CC2}.Debug|Any CPU.Build.0 = Debug|Any CPU
		{CF130BB5-DCF7-46B6-BA2B-81D067DF1CC2}.Debug|x64.ActiveCfg = Debug|Any CPU
		{CF130BB5-DCF7-46B6-BA2B-81D067DF1CC2}.Debug|x64.Build.0 = Debug|Any CPU
		{CF130BB5-DCF7-46B6-BA2B-81D067DF1CC2}.Debug|x86.ActiveCfg = Debug|Any CPU
		{CF130BB5-DCF7-46B6-BA2B-81D067DF1CC2}.Debug|x86.Build.0 = Debug|Any CPU
		{CF130BB5-DCF7-46B6-BA2B-81D067DF1CC2}.Release|Any CPU.ActiveCfg = Release|Any CPU
		{CF130BB5-DCF7-46B6-BA2B-81D067DF1CC2}.Release|Any CPU.Build.0 = Release|Any CPU
		{CF130BB5-DCF7-46B6-BA2B-81D067DF1CC2}.Release|x64.ActiveCfg = Release|Any CPU
		{CF130BB5-DCF7-46B6-BA2B-81D067DF1CC2}.Release|x64.Build.0 = Release|Any CPU
		{CF130BB5-DCF7-46B6-BA2B-81D067DF1CC2}.Release|x86.ActiveCfg = Release|Any CPU
		{CF130BB5-DCF7-46B6-BA2B-81D067DF1CC2}.Release|x86.Build.0 = Release|Any CPU
	EndGlobalSection
	GlobalSection(SolutionProperties) = preSolution
		HideSolutionNode = FALSE
	EndGlobalSection
	GlobalSection(ExtensibilityGlobals) = postSolution
		SolutionGuid = {C9599A2B-5CB4-4EFF-A957-835C08CE8A71}
	EndGlobalSection
EndGlobal
